
Microsoft Visual Studio Solution File, Format Version 12.00
# Visual Studio Version 17
VisualStudioVersion = 17.2.32616.157
MinimumVisualStudioVersion = 10.0.40219.1
Project("{FAE04EC0-301F-11D3-BF4B-00C04F79EFBC}") = "DBsda", "DBsda\DBsda.csproj", "{28BC2A30-1544-4A24-A989-68E77592EE15}"
EndProject
Project("{FAE04EC0-301F-11D3-BF4B-00C04F79EFBC}") = "DBConnect", "DBfirst\DBConnect.csproj", "{889EEFAD-758D-45D0-AACA-5F20D3F0246E}"
EndProject
Project("{FAE04EC0-301F-11D3-BF4B-00C04F79EFBC}") = "DBFirstCOnnect", "DBFirstCOnnect\DBFirstCOnnect.csproj", "{61FC2761-A2B8-4700-8767-1E2A33A37C60}"
EndProject
Global
	GlobalSection(SolutionConfigurationPlatforms) = preSolution
		Debug|Any CPU = Debug|Any CPU
		Release|Any CPU = Release|Any CPU
	EndGlobalSection
	GlobalSection(ProjectConfigurationPlatforms) = postSolution
		{28BC2A30-1544-4A24-A989-68E77592EE15}.Debug|Any CPU.ActiveCfg = Debug|Any CPU
		{28BC2A30-1544-4A24-A989-68E77592EE15}.Debug|Any CPU.Build.0 = Debug|Any CPU
		{28BC2A30-1544-4A24-A989-68E77592EE15}.Release|Any CPU.ActiveCfg = Release|Any CPU
		{28BC2A30-1544-4A24-A989-68E77592EE15}.Release|Any CPU.Build.0 = Release|Any CPU
		{889EEFAD-758D-45D0-AACA-5F20D3F0246E}.Debug|Any CPU.ActiveCfg = Debug|Any CPU
		{889EEFAD-758D-45D0-AACA-5F20D3F0246E}.Debug|Any CPU.Build.0 = Debug|Any CPU
		{889EEFAD-758D-45D0-AACA-5F20D3F0246E}.Release|Any CPU.ActiveCfg = Release|Any CPU
		{889EEFAD-758D-45D0-AACA-5F20D3F0246E}.Release|Any CPU.Build.0 = Release|Any CPU
		{61FC2761-A2B8-4700-8767-1E2A33A37C60}.Debug|Any CPU.ActiveCfg = Debug|Any CPU
		{61FC2761-A2B8-4700-8767-1E2A33A37C60}.Debug|Any CPU.Build.0 = Debug|Any CPU
		{61FC2761-A2B8-4700-8767-1E2A33A37C60}.Release|Any CPU.ActiveCfg = Release|Any CPU
		{61FC2761-A2B8-4700-8767-1E2A33A37C60}.Release|Any CPU.Build.0 = Release|Any CPU
	EndGlobalSection
	GlobalSection(SolutionProperties) = preSolution
		HideSolutionNode = FALSE
	EndGlobalSection
	GlobalSection(ExtensibilityGlobals) = postSolution
		SolutionGuid = {98EEA1D6-6D72-4D3D-844A-BBA93BAC61D7}
	EndGlobalSection
EndGlobal
